
Microsoft Visual Studio Solution File, Format Version 12.00
# Visual Studio Version 17
VisualStudioVersion = 17.5.002.0
MinimumVisualStudioVersion = 10.0.40219.1
Project("{9A19103F-16F7-4668-BE54-9A1E7A4F7556}") = "GSP_SIGLogo", "GSP_SIGLogo.csproj", "{28E726A8-7D32-41A4-AF0E-13FAE11EBA6C}"
EndProject
Global
	GlobalSection(SolutionConfigurationPlatforms) = preSolution
		Debug|Any CPU = Debug|Any CPU
		Release|Any CPU = Release|Any CPU
	EndGlobalSection
	GlobalSection(ProjectConfigurationPlatforms) = postSolution
		{28E726A8-7D32-41A4-AF0E-13FAE11EBA6C}.Debug|Any CPU.ActiveCfg = Debug|Any CPU
		{28E726A8-7D32-41A4-AF0E-13FAE11EBA6C}.Debug|Any CPU.Build.0 = Debug|Any CPU
		{28E726A8-7D32-41A4-AF0E-13FAE11EBA6C}.Release|Any CPU.ActiveCfg = Release|Any CPU
		{28E726A8-7D32-41A4-AF0E-13FAE11EBA6C}.Release|Any CPU.Build.0 = Release|Any CPU
	EndGlobalSection
	GlobalSection(SolutionProperties) = preSolution
		HideSolutionNode = FALSE
	EndGlobalSection
	GlobalSection(ExtensibilityGlobals) = postSolution
		SolutionGuid = {3AECD284-FCA6-4F1F-B454-EFDF3FFCF17C}
	EndGlobalSection
EndGlobal
